// !$*UTF8*$!
{
	archiveVersion = 1;
	classes = {
	};
	objectVersion = 56;
	objects = {

/* Begin PBXBuildFile section */
		212AEA3D29DB9D55006BF12E /* Taskstruct.swift in Sources */ = {isa = PBXBuildFile; fileRef = 212AEA3C29DB9D55006BF12E /* Taskstruct.swift */; };
		212AEA3F29DB9EE5006BF12E /* Segmentstruct.swift in Sources */ = {isa = PBXBuildFile; fileRef = 212AEA3E29DB9EE5006BF12E /* Segmentstruct.swift */; };
		212AEA4129DBA4B3006BF12E /* CalendarView.swift in Sources */ = {isa = PBXBuildFile; fileRef = 212AEA4029DBA4B3006BF12E /* CalendarView.swift */; };
		2160D07C298ED181001CB322 /* ToDoSchedulerApp.swift in Sources */ = {isa = PBXBuildFile; fileRef = 2160D07B298ED181001CB322 /* ToDoSchedulerApp.swift */; };
		2160D07E298ED181001CB322 /* ContentView.swift in Sources */ = {isa = PBXBuildFile; fileRef = 2160D07D298ED181001CB322 /* ContentView.swift */; };
		2160D080298ED183001CB322 /* Assets.xcassets in Resources */ = {isa = PBXBuildFile; fileRef = 2160D07F298ED183001CB322 /* Assets.xcassets */; };
		2160D083298ED183001CB322 /* Preview Assets.xcassets in Resources */ = {isa = PBXBuildFile; fileRef = 2160D082298ED183001CB322 /* Preview Assets.xcassets */; };
/* End PBXBuildFile section */

/* Begin PBXFileReference section */
		212AEA3C29DB9D55006BF12E /* Taskstruct.swift */ = {isa = PBXFileReference; lastKnownFileType = sourcecode.swift; path = Taskstruct.swift; sourceTree = "<group>"; };
		212AEA3E29DB9EE5006BF12E /* Segmentstruct.swift */ = {isa = PBXFileReference; lastKnownFileType = sourcecode.swift; path = Segmentstruct.swift; sourceTree = "<group>"; };
		212AEA4029DBA4B3006BF12E /* CalendarView.swift */ = {isa = PBXFileReference; lastKnownFileType = sourcecode.swift; path = CalendarView.swift; sourceTree = "<group>"; };
		2160D078298ED181001CB322 /* ToDoScheduler.app */ = {isa = PBXFileReference; explicitFileType = wrapper.application; includeInIndex = 0; path = ToDoScheduler.app; sourceTree = BUILT_PRODUCTS_DIR; };
		2160D07B298ED181001CB322 /* ToDoSchedulerApp.swift */ = {isa = PBXFileReference; lastKnownFileType = sourcecode.swift; path = ToDoSchedulerApp.swift; sourceTree = "<group>"; };
		2160D07D298ED181001CB322 /* ContentView.swift */ = {isa = PBXFileReference; lastKnownFileType = sourcecode.swift; path = ContentView.swift; sourceTree = "<group>"; };
		2160D07F298ED183001CB322 /* Assets.xcassets */ = {isa = PBXFileReference; lastKnownFileType = folder.assetcatalog; path = Assets.xcassets; sourceTree = "<group>"; };
		2160D082298ED183001CB322 /* Preview Assets.xcassets */ = {isa = PBXFileReference; lastKnownFileType = folder.assetcatalog; path = "Preview Assets.xcassets"; sourceTree = "<group>"; };
/* End PBXFileReference section */

/* Begin PBXFrameworksBuildPhase section */
		2160D075298ED181001CB322 /* Frameworks */ = {
			isa = PBXFrameworksBuildPhase;
			buildActionMask = 2147483647;
			files = (
			);
			runOnlyForDeploymentPostprocessing = 0;
		};
/* End PBXFrameworksBuildPhase section */

/* Begin PBXGroup section */
		212AEA3929DB9CCC006BF12E /* Resources */ = {
			isa = PBXGroup;
			children = (
			);
			path = Resources;
			sourceTree = "<group>";
		};
		212AEA3A29DB9CD7006BF12E /* Model */ = {
			isa = PBXGroup;
			children = (
				212AEA3C29DB9D55006BF12E /* Taskstruct.swift */,
				212AEA3E29DB9EE5006BF12E /* Segmentstruct.swift */,
			);
			path = Model;
			sourceTree = "<group>";
		};
		212AEA3B29DB9CE1006BF12E /* Views */ = {
			isa = PBXGroup;
			children = (
				2160D07D298ED181001CB322 /* ContentView.swift */,
				212AEA4029DBA4B3006BF12E /* CalendarView.swift */,
			);
			path = Views;
			sourceTree = "<group>";
		};
		2160D06F298ED181001CB322 = {
			isa = PBXGroup;
			children = (
				2160D07A298ED181001CB322 /* ToDoScheduler */,
				2160D079298ED181001CB322 /* Products */,
			);
			sourceTree = "<group>";
		};
		2160D079298ED181001CB322 /* Products */ = {
			isa = PBXGroup;
			children = (
				2160D078298ED181001CB322 /* ToDoScheduler.app */,
			);
			name = Products;
			sourceTree = "<group>";
		};
		2160D07A298ED181001CB322 /* ToDoScheduler */ = {
			isa = PBXGroup;
			children = (
				2160D07B298ED181001CB322 /* ToDoSchedulerApp.swift */,
				212AEA3929DB9CCC006BF12E /* Resources */,
				212AEA3A29DB9CD7006BF12E /* Model */,
				212AEA3B29DB9CE1006BF12E /* Views */,
				2160D07F298ED183001CB322 /* Assets.xcassets */,
				2160D081298ED183001CB322 /* Preview Content */,
			);
			path = ToDoScheduler;
			sourceTree = "<group>";
		};
		2160D081298ED183001CB322 /* Preview Content */ = {
			isa = PBXGroup;
			children = (
				2160D082298ED183001CB322 /* Preview Assets.xcassets */,
			);
			path = "Preview Content";
			sourceTree = "<group>";
		};
/* End PBXGroup section */

/* Begin PBXNativeTarget section */
		2160D077298ED181001CB322 /* ToDoScheduler */ = {
			isa = PBXNativeTarget;
			buildConfigurationList = 2160D086298ED183001CB322 /* Build configuration list for PBXNativeTarget "ToDoScheduler" */;
			buildPhases = (
				2160D074298ED181001CB322 /* Sources */,
				2160D075298ED181001CB322 /* Frameworks */,
				2160D076298ED181001CB322 /* Resources */,
			);
			buildRules = (
			);
			dependencies = (
			);
			name = ToDoScheduler;
			productName = ToDoScheduler;
			productReference = 2160D078298ED181001CB322 /* ToDoScheduler.app */;
			productType = "com.apple.product-type.application";
		};
/* End PBXNativeTarget section */

/* Begin PBXProject section */
		2160D070298ED181001CB322 /* Project object */ = {
			isa = PBXProject;
			attributes = {
				BuildIndependentTargetsInParallel = 1;
				LastSwiftUpdateCheck = 1420;
				LastUpgradeCheck = 1420;
				TargetAttributes = {
					2160D077298ED181001CB322 = {
						CreatedOnToolsVersion = 14.2;
					};
				};
			};
			buildConfigurationList = 2160D073298ED181001CB322 /* Build configuration list for PBXProject "ToDoScheduler" */;
			compatibilityVersion = "Xcode 14.0";
			developmentRegion = en;
			hasScannedForEncodings = 0;
			knownRegions = (
				en,
				Base,
			);
			mainGroup = 2160D06F298ED181001CB322;
			productRefGroup = 2160D079298ED181001CB322 /* Products */;
			projectDirPath = "";
			projectRoot = "";
			targets = (
				2160D077298ED181001CB322 /* ToDoScheduler */,
			);
		};
/* End PBXProject section */

/* Begin PBXResourcesBuildPhase section */
		2160D076298ED181001CB322 /* Resources */ = {
			isa = PBXResourcesBuildPhase;
			buildActionMask = 2147483647;
			files = (
				2160D083298ED183001CB322 /* Preview Assets.xcassets in Resources */,
				2160D080298ED183001CB322 /* Assets.xcassets in Resources */,
			);
			runOnlyForDeploymentPostprocessing = 0;
		};
/* End PBXResourcesBuildPhase section */

/* Begin PBXSourcesBuildPhase section */
		2160D074298ED181001CB322 /* Sources */ = {
			isa = PBXSourcesBuildPhase;
			buildActionMask = 2147483647;
			files = (
				212AEA4129DBA4B3006BF12E /* CalendarView.swift in Sources */,
				2160D07E298ED181001CB322 /* ContentView.swift in Sources */,
				2160D07C298ED181001CB322 /* ToDoSchedulerApp.swift in Sources */,
				212AEA3F29DB9EE5006BF12E /* Segmentstruct.swift in Sources */,
				212AEA3D29DB9D55006BF12E /* Taskstruct.swift in Sources */,
			);
			runOnlyForDeploymentPostprocessing = 0;
		};
/* End PBXSourcesBuildPhase section */

/* Begin XCBuildConfiguration section */
		2160D084298ED183001CB322 /* Debug */ = {
			isa = XCBuildConfiguration;
			buildSettings = {
				ALWAYS_SEARCH_USER_PATHS = NO;
				CLANG_ANALYZER_NONNULL = YES;
				CLANG_ANALYZER_NUMBER_OBJECT_CONVERSION = YES_AGGRESSIVE;
				CLANG_CXX_LANGUAGE_STANDARD = "gnu++20";
				CLANG_ENABLE_MODULES = YES;
				CLANG_ENABLE_OBJC_ARC = YES;
				CLANG_ENABLE_OBJC_WEAK = YES;
				CLANG_WARN_BLOCK_CAPTURE_AUTORELEASING = YES;
				CLANG_WARN_BOOL_CONVERSION = YES;
				CLANG_WARN_COMMA = YES;
				CLANG_WARN_CONSTANT_CONVERSION = YES;
				CLANG_WARN_DEPRECATED_OBJC_IMPLEMENTATIONS = YES;
				CLANG_WARN_DIRECT_OBJC_ISA_USAGE = YES_ERROR;
				CLANG_WARN_DOCUMENTATION_COMMENTS = YES;
				CLANG_WARN_EMPTY_BODY = YES;
				CLANG_WARN_ENUM_CONVERSION = YES;
				CLANG_WARN_INFINITE_RECURSION = YES;
				CLANG_WARN_INT_CONVERSION = YES;
				CLANG_WARN_NON_LITERAL_NULL_CONVERSION = YES;
				CLANG_WARN_OBJC_IMPLICIT_RETAIN_SELF = YES;
				CLANG_WARN_OBJC_LITERAL_CONVERSION = YES;
				CLANG_WARN_OBJC_ROOT_CLASS = YES_ERROR;
				CLANG_WARN_QUOTED_INCLUDE_IN_FRAMEWORK_HEADER = YES;
				CLANG_WARN_RANGE_LOOP_ANALYSIS = YES;
				CLANG_WARN_STRICT_PROTOTYPES = YES;
				CLANG_WARN_SUSPICIOUS_MOVE = YES;
				CLANG_WARN_UNGUARDED_AVAILABILITY = YES_AGGRESSIVE;
				CLANG_WARN_UNREACHABLE_CODE = YES;
				CLANG_WARN__DUPLICATE_METHOD_MATCH = YES;
				COPY_PHASE_STRIP = NO;
				DEBUG_INFORMATION_FORMAT = dwarf;
				ENABLE_STRICT_OBJC_MSGSEND = YES;
				ENABLE_TESTABILITY = YES;
				GCC_C_LANGUAGE_STANDARD = gnu11;
				GCC_DYNAMIC_NO_PIC = NO;
				GCC_NO_COMMON_BLOCKS = YES;
				GCC_OPTIMIZATION_LEVEL = 0;
				GCC_PREPROCESSOR_DEFINITIONS = (
					"DEBUG=1",
					"$(inherited)",
				);
				GCC_WARN_64_TO_32_BIT_CONVERSION = YES;
				GCC_WARN_ABOUT_RETURN_TYPE = YES_ERROR;
				GCC_WARN_UNDECLARED_SELECTOR = YES;
				GCC_WARN_UNINITIALIZED_AUTOS = YES_AGGRESSIVE;
				GCC_WARN_UNUSED_FUNCTION = YES;
				GCC_WARN_UNUSED_VARIABLE = YES;
				IPHONEOS_DEPLOYMENT_TARGET = 16.2;
				MTL_ENABLE_DEBUG_INFO = INCLUDE_SOURCE;
				MTL_FAST_MATH = YES;
				ONLY_ACTIVE_ARCH = YES;
				SDKROOT = iphoneos;
				SWIFT_ACTIVE_COMPILATION_CONDITIONS = DEBUG;
				SWIFT_OPTIMIZATION_LEVEL = "-Onone";
			};
			name = Debug;
		};
		2160D085298ED183001CB322 /* Release */ = {
			isa = XCBuildConfiguration;
			buildSettings = {
				ALWAYS_SEARCH_USER_PATHS = NO;
				CLANG_ANALYZER_NONNULL = YES;
				CLANG_ANALYZER_NUMBER_OBJECT_CONVERSION = YES_AGGRESSIVE;
				CLANG_CXX_LANGUAGE_STANDARD = "gnu++20";
				CLANG_ENABLE_MODULES = YES;
				CLANG_ENABLE_OBJC_ARC = YES;
				CLANG_ENABLE_OBJC_WEAK = YES;
				CLANG_WARN_BLOCK_CAPTURE_AUTORELEASING = YES;
				CLANG_WARN_BOOL_CONVERSION = YES;
				CLANG_WARN_COMMA = YES;
				CLANG_WARN_CONSTANT_CONVERSION = YES;
				CLANG_WARN_DEPRECATED_OBJC_IMPLEMENTATIONS = YES;
				CLANG_WARN_DIRECT_OBJC_ISA_USAGE = YES_ERROR;
				CLANG_WARN_DOCUMENTATION_COMMENTS = YES;
				CLANG_WARN_EMPTY_BODY = YES;
				CLANG_WARN_ENUM_CONVERSION = YES;
				CLANG_WARN_INFINITE_RECURSION = YES;
				CLANG_WARN_INT_CONVERSION = YES;
				CLANG_WARN_NON_LITERAL_NULL_CONVERSION = YES;
				CLANG_WARN_OBJC_IMPLICIT_RETAIN_SELF = YES;
				CLANG_WARN_OBJC_LITERAL_CONVERSION = YES;
				CLANG_WARN_OBJC_ROOT_CLASS = YES_ERROR;
				CLANG_WARN_QUOTED_INCLUDE_IN_FRAMEWORK_HEADER = YES;
				CLANG_WARN_RANGE_LOOP_ANALYSIS = YES;
				CLANG_WARN_STRICT_PROTOTYPES = YES;
				CLANG_WARN_SUSPICIOUS_MOVE = YES;
				CLANG_WARN_UNGUARDED_AVAILABILITY = YES_AGGRESSIVE;
				CLANG_WARN_UNREACHABLE_CODE = YES;
				CLANG_WARN__DUPLICATE_METHOD_MATCH = YES;
				COPY_PHASE_STRIP = NO;
				DEBUG_INFORMATION_FORMAT = "dwarf-with-dsym";
				ENABLE_NS_ASSERTIONS = NO;
				ENABLE_STRICT_OBJC_MSGSEND = YES;
				GCC_C_LANGUAGE_STANDARD = gnu11;
				GCC_NO_COMMON_BLOCKS = YES;
				GCC_WARN_64_TO_32_BIT_CONVERSION = YES;
				GCC_WARN_ABOUT_RETURN_TYPE = YES_ERROR;
				GCC_WARN_UNDECLARED_SELECTOR = YES;
				GCC_WARN_UNINITIALIZED_AUTOS = YES_AGGRESSIVE;
				GCC_WARN_UNUSED_FUNCTION = YES;
				GCC_WARN_UNUSED_VARIABLE = YES;
				IPHONEOS_DEPLOYMENT_TARGET = 16.2;
				MTL_ENABLE_DEBUG_INFO = NO;
				MTL_FAST_MATH = YES;
				SDKROOT = iphoneos;
				SWIFT_COMPILATION_MODE = wholemodule;
				SWIFT_OPTIMIZATION_LEVEL = "-O";
				VALIDATE_PRODUCT = YES;
			};
			name = Release;
		};
		2160D087298ED183001CB322 /* Debug */ = {
			isa = XCBuildConfiguration;
			buildSettings = {
				ASSETCATALOG_COMPILER_APPICON_NAME = AppIcon;
				ASSETCATALOG_COMPILER_GLOBAL_ACCENT_COLOR_NAME = AccentColor;
				CODE_SIGN_STYLE = Automatic;
				CURRENT_PROJECT_VERSION = 1;
				DEVELOPMENT_ASSET_PATHS = "\"ToDoScheduler/Preview Content\"";
				DEVELOPMENT_TEAM = 864XSL2U7M;
				ENABLE_PREVIEWS = YES;
				GENERATE_INFOPLIST_FILE = YES;
				INFOPLIST_KEY_UIApplicationSceneManifest_Generation = YES;
				INFOPLIST_KEY_UIApplicationSupportsIndirectInputEvents = YES;
				INFOPLIST_KEY_UILaunchScreen_Generation = YES;
				INFOPLIST_KEY_UISupportedInterfaceOrientations_iPad = "UIInterfaceOrientationPortrait UIInterfaceOrientationPortraitUpsideDown UIInterfaceOrientationLandscapeLeft UIInterfaceOrientationLandscapeRight";
				INFOPLIST_KEY_UISupportedInterfaceOrientations_iPhone = "UIInterfaceOrientationPortrait UIInterfaceOrientationLandscapeLeft UIInterfaceOrientationLandscapeRight";
				LD_RUNPATH_SEARCH_PATHS = (
					"$(inherited)",
					"@executable_path/Frameworks",
				);
				MARKETING_VERSION = 1.0;
				PRODUCT_BUNDLE_IDENTIFIER = none.ToDoScheduler;
				PRODUCT_NAME = "$(TARGET_NAME)";
				SWIFT_EMIT_LOC_STRINGS = YES;
				SWIFT_VERSION = 5.0;
				TARGETED_DEVICE_FAMILY = "1,2";
			};
			name = Debug;
		};
		2160D088298ED183001CB322 /* Release */ = {
			isa = XCBuildConfiguration;
			buildSettings = {
				ASSETCATALOG_COMPILER_APPICON_NAME = AppIcon;
				ASSETCATALOG_COMPILER_GLOBAL_ACCENT_COLOR_NAME = AccentColor;
				CODE_SIGN_STYLE = Automatic;
				CURRENT_PROJECT_VERSION = 1;
				DEVELOPMENT_ASSET_PATHS = "\"ToDoScheduler/Preview Content\"";
				DEVELOPMENT_TEAM = 864XSL2U7M;
				ENABLE_PREVIEWS = YES;
				GENERATE_INFOPLIST_FILE = YES;
				INFOPLIST_KEY_UIApplicationSceneManifest_Generation = YES;
				INFOPLIST_KEY_UIApplicationSupportsIndirectInputEvents = YES;
				INFOPLIST_KEY_UILaunchScreen_Generation = YES;
				INFOPLIST_KEY_UISupportedInterfaceOrientations_iPad = "UIInterfaceOrientationPortrait UIInterfaceOrientationPortraitUpsideDown UIInterfaceOrientationLandscapeLeft UIInterfaceOrientationLandscapeRight";
				INFOPLIST_KEY_UISupportedInterfaceOrientations_iPhone = "UIInterfaceOrientationPortrait UIInterfaceOrientationLandscapeLeft UIInterfaceOrientationLandscapeRight";
				LD_RUNPATH_SEARCH_PATHS = (
					"$(inherited)",
					"@executable_path/Frameworks",
				);
				MARKETING_VERSION = 1.0;
				PRODUCT_BUNDLE_IDENTIFIER = none.ToDoScheduler;
				PRODUCT_NAME = "$(TARGET_NAME)";
				SWIFT_EMIT_LOC_STRINGS = YES;
				SWIFT_VERSION = 5.0;
				TARGETED_DEVICE_FAMILY = "1,2";
			};
			name = Release;
		};
/* End XCBuildConfiguration section */

/* Begin XCConfigurationList section */
		2160D073298ED181001CB322 /* Build configuration list for PBXProject "ToDoScheduler" */ = {
			isa = XCConfigurationList;
			buildConfigurations = (
				2160D084298ED183001CB322 /* Debug */,
				2160D085298ED183001CB322 /* Release */,
			);
			defaultConfigurationIsVisible = 0;
			defaultConfigurationName = Release;
		};
		2160D086298ED183001CB322 /* Build configuration list for PBXNativeTarget "ToDoScheduler" */ = {
			isa = XCConfigurationList;
			buildConfigurations = (
				2160D087298ED183001CB322 /* Debug */,
				2160D088298ED183001CB322 /* Release */,
			);
			defaultConfigurationIsVisible = 0;
			defaultConfigurationName = Release;
		};
/* End XCConfigurationList section */
	};
	rootObject = 2160D070298ED181001CB322 /* Project object */;
}
